
Microsoft Visual Studio Solution File, Format Version 12.00
# Visual Studio Version 17
VisualStudioVersion = 17.6.33829.357
MinimumVisualStudioVersion = 10.0.40219.1
Project("{FAE04EC0-301F-11D3-BF4B-00C04F79EFBC}") = "Inv", "Inv\Inv.csproj", "{A053BF96-4350-470D-965D-D5F9FAF23153}"
EndProject
Global
	GlobalSection(SolutionConfigurationPlatforms) = preSolution
		Debug|Any CPU = Debug|Any CPU
		Release|Any CPU = Release|Any CPU
	EndGlobalSection
	GlobalSection(ProjectConfigurationPlatforms) = postSolution
		{A053BF96-4350-470D-965D-D5F9FAF23153}.Debug|Any CPU.ActiveCfg = Debug|Any CPU
		{A053BF96-4350-470D-965D-D5F9FAF23153}.Debug|Any CPU.Build.0 = Debug|Any CPU
		{A053BF96-4350-470D-965D-D5F9FAF23153}.Release|Any CPU.ActiveCfg = Release|Any CPU
		{A053BF96-4350-470D-965D-D5F9FAF23153}.Release|Any CPU.Build.0 = Release|Any CPU
	EndGlobalSection
	GlobalSection(SolutionProperties) = preSolution
		HideSolutionNode = FALSE
	EndGlobalSection
	GlobalSection(ExtensibilityGlobals) = postSolution
		SolutionGuid = {D52AC37D-CD05-482A-96DB-4EF5ACED5D96}
	EndGlobalSection
EndGlobal
